
Microsoft Visual Studio Solution File, Format Version 12.00
# Visual Studio Version 16
VisualStudioVersion = 16.0.30320.27
MinimumVisualStudioVersion = 10.0.40219.1
Project("{8BC9CEB8-8B4A-11D0-8D11-00A0C91BC942}") = "1ELE705_SEM6_Assignm1_FillHand", "1ELE705_SEM6_Assignm1_FillHand.vcxproj", "{C299DB2D-713B-49C0-9C53-2FD47C525105}"
EndProject
Global
	GlobalSection(SolutionConfigurationPlatforms) = preSolution
		Debug|x64 = Debug|x64
		Debug|x86 = Debug|x86
		Release|x64 = Release|x64
		Release|x86 = Release|x86
	EndGlobalSection
	GlobalSection(ProjectConfigurationPlatforms) = postSolution
		{C299DB2D-713B-49C0-9C53-2FD47C525105}.Debug|x64.ActiveCfg = Debug|x64
		{C299DB2D-713B-49C0-9C53-2FD47C525105}.Debug|x64.Build.0 = Debug|x64
		{C299DB2D-713B-49C0-9C53-2FD47C525105}.Debug|x86.ActiveCfg = Debug|Win32
		{C299DB2D-713B-49C0-9C53-2FD47C525105}.Debug|x86.Build.0 = Debug|Win32
		{C299DB2D-713B-49C0-9C53-2FD47C525105}.Release|x64.ActiveCfg = Release|x64
		{C299DB2D-713B-49C0-9C53-2FD47C525105}.Release|x64.Build.0 = Release|x64
		{C299DB2D-713B-49C0-9C53-2FD47C525105}.Release|x86.ActiveCfg = Release|Win32
		{C299DB2D-713B-49C0-9C53-2FD47C525105}.Release|x86.Build.0 = Release|Win32
	EndGlobalSection
	GlobalSection(SolutionProperties) = preSolution
		HideSolutionNode = FALSE
	EndGlobalSection
	GlobalSection(ExtensibilityGlobals) = postSolution
		SolutionGuid = {2AFE1082-B085-4B08-8388-243301CB9D14}
	EndGlobalSection
EndGlobal
